lockfileVersion: '9.0'

settings:
  autoInstallPeers: true
  excludeLinksFromLockfile: false

importers:

  .:
    devDependencies:
      '@types/node':
        specifier: ^24.9.2
        version: 24.9.2
      '@typescript/native-preview':
        specifier: 7.0.0-dev.20251031.1
        version: 7.0.0-dev.20251031.1
      rolldown:
        specifier: 1.0.0-beta.45
        version: 1.0.0-beta.45
      rolldown-plugin-dts:
        specifier: ^0.17.3
        version: 0.17.3(@typescript/native-preview@7.0.0-dev.20251031.1)(rolldown@1.0.0-beta.45)(typescript@5.9.3)

packages:

  '@babel/generator@7.28.5':
    resolution: {integrity: sha512-3EwLFhZ38J4VyIP6WNtt2kUdW9dokXA9Cr4IVIFHuCpZ3H8/YFOl5JjZHisrn1fATPBmKKqXzDFvh9fUwHz6CQ==}
    engines: {node: '>=6.9.0'}

  '@babel/helper-string-parser@7.27.1':
    resolution: {integrity: sha512-qMlSxKbpRlAridDExk92nSobyDdpPijUq2DW6oDnUqd0iOGxmQjyqhMIihI9+zv4LPyZdRje2cavWPbCbWm3eA==}
    engines: {node: '>=6.9.0'}

  '@babel/helper-validator-identifier@7.28.5':
    resolution: {integrity: sha512-qSs4ifwzKJSV39ucNjsvc6WVHs6b7S03sOh2OcHF9UHfVPqWWALUsNUVzhSBiItjRZoLHx7nIarVjqKVusUZ1Q==}
    engines: {node: '>=6.9.0'}

  '@babel/parser@7.28.5':
    resolution: {integrity: sha512-KKBU1VGYR7ORr3At5HAtUQ+TV3SzRCXmA/8OdDZiLDBIZxVyzXuztPjfLd3BV1PRAQGCMWWSHYhL0F8d5uHBDQ==}
    engines: {node: '>=6.0.0'}
    hasBin: true

  '@babel/types@7.28.5':
    resolution: {integrity: sha512-qQ5m48eI/MFLQ5PxQj4PFaprjyCTLI37ElWMmNs0K8Lk3dVeOdNpB3ks8jc7yM5CDmVC73eMVk/trk3fgmrUpA==}
    engines: {node: '>=6.9.0'}

  '@emnapi/core@1.6.0':
    resolution: {integrity: sha512-zq/ay+9fNIJJtJiZxdTnXS20PllcYMX3OE23ESc4HK/bdYu3cOWYVhsOhVnXALfU/uqJIxn5NBPd9z4v+SfoSg==}

  '@emnapi/runtime@1.6.0':
    resolution: {integrity: sha512-obtUmAHTMjll499P+D9A3axeJFlhdjOWdKUNs/U6QIGT7V5RjcUW1xToAzjvmgTSQhDbYn/NwfTRoJcQ2rNBxA==}

  '@emnapi/wasi-threads@1.1.0':
    resolution: {integrity: sha512-WI0DdZ8xFSbgMjR1sFsKABJ/C5OnRrjT06JXbZKexJGrDuPTzZdDYfFlsgcCXCyf+suG5QU2e/y1Wo2V/OapLQ==}

  '@jridgewell/gen-mapping@0.3.13':
    resolution: {integrity: sha512-2kkt/7niJ6MgEPxF0bYdQ6etZaA+fQvDcLKckhy1yIQOzaoKjBBjSj63/aLVjYE3qhRt5dvM+uUyfCg6UKCBbA==}

  '@jridgewell/resolve-uri@3.1.2':
    resolution: {integrity: sha512-bRISgCIjP20/tbWSPWMEi54QVPRZExkuD9lJL+UIxUKtwVJA8wW1Trb1jMs1RFXo1CBTNZ/5hpC9QvmKWdopKw==}
    engines: {node: '>=6.0.0'}

  '@jridgewell/sourcemap-codec@1.5.5':
    resolution: {integrity: sha512-cYQ9310grqxueWbl+WuIUIaiUaDcj7WOq5fVhEljNVgRfOUhY9fy2zTvfoqWsnebh8Sl70VScFbICvJnLKB0Og==}

  '@jridgewell/trace-mapping@0.3.31':
    resolution: {integrity: sha512-zzNR+SdQSDJzc8joaeP8QQoCQr8NuYx2dIIytl1QeBEZHJ9uW6hebsrYgbz8hJwUQao3TWCMtmfV8Nu1twOLAw==}

  '@napi-rs/wasm-runtime@1.0.7':
    resolution: {integrity: sha512-SeDnOO0Tk7Okiq6DbXmmBODgOAb9dp9gjlphokTUxmt8U3liIP1ZsozBahH69j/RJv+Rfs6IwUKHTgQYJ/HBAw==}

  '@oxc-project/types@0.95.0':
    resolution: {integrity: sha512-vACy7vhpMPhjEJhULNxrdR0D943TkA/MigMpJCHmBHvMXxRStRi/dPtTlfQ3uDwWSzRpT8z+7ImjZVf8JWBocQ==}

  '@rolldown/binding-android-arm64@1.0.0-beta.45':
    resolution: {integrity: sha512-bfgKYhFiXJALeA/riil908+2vlyWGdwa7Ju5S+JgWZYdR4jtiPOGdM6WLfso1dojCh+4ZWeiTwPeV9IKQEX+4g==}
    engines: {node: ^20.19.0 || >=22.12.0}
    cpu: [arm64]
    os: [android]

  '@rolldown/binding-darwin-arm64@1.0.0-beta.45':
    resolution: {integrity: sha512-xjCv4CRVsSnnIxTuyH1RDJl5OEQ1c9JYOwfDAHddjJDxCw46ZX9q80+xq7Eok7KC4bRSZudMJllkvOKv0T9SeA==}
    engines: {node: ^20.19.0 || >=22.12.0}
    cpu: [arm64]
    os: [darwin]

  '@rolldown/binding-darwin-x64@1.0.0-beta.45':
    resolution: {integrity: sha512-ddcO9TD3D/CLUa/l8GO8LHzBOaZqWg5ClMy3jICoxwCuoz47h9dtqPsIeTiB6yR501LQTeDsjA4lIFd7u3Ljfw==}
    engines: {node: ^20.19.0 || >=22.12.0}
    cpu: [x64]
    os: [darwin]

  '@rolldown/binding-freebsd-x64@1.0.0-beta.45':
    resolution: {integrity: sha512-MBTWdrzW9w+UMYDUvnEuh0pQvLENkl2Sis15fHTfHVW7ClbGuez+RWopZudIDEGkpZXdeI4CkRXk+vdIIebrmg==}
    engines: {node: ^20.19.0 || >=22.12.0}
    cpu: [x64]
    os: [freebsd]

  '@rolldown/binding-linux-arm-gnueabihf@1.0.0-beta.45':
    resolution: {integrity: sha512-4YgoCFiki1HR6oSg+GxxfzfnVCesQxLF1LEnw9uXS/MpBmuog0EOO2rYfy69rWP4tFZL9IWp6KEfGZLrZ7aUog==}
    engines: {node: ^20.19.0 || >=22.12.0}
    cpu: [arm]
    os: [linux]

  '@rolldown/binding-linux-arm64-gnu@1.0.0-beta.45':
    resolution: {integrity: sha512-LE1gjAwQRrbCOorJJ7LFr10s5vqYf5a00V5Ea9wXcT2+56n5YosJkcp8eQ12FxRBv2YX8dsdQJb+ZTtYJwb6XQ==}
    engines: {node: ^20.19.0 || >=22.12.0}
    cpu: [arm64]
    os: [linux]

  '@rolldown/binding-linux-arm64-musl@1.0.0-beta.45':
    resolution: {integrity: sha512-tdy8ThO/fPp40B81v0YK3QC+KODOmzJzSUOO37DinQxzlTJ026gqUSOM8tzlVixRbQJltgVDCTYF8HNPRErQTA==}
    engines: {node: ^20.19.0 || >=22.12.0}
    cpu: [arm64]
    os: [linux]

  '@rolldown/binding-linux-x64-gnu@1.0.0-beta.45':
    resolution: {integrity: sha512-lS082ROBWdmOyVY/0YB3JmsiClaWoxvC+dA8/rbhyB9VLkvVEaihLEOr4CYmrMse151C4+S6hCw6oa1iewox7g==}
    engines: {node: ^20.19.0 || >=22.12.0}
    cpu: [x64]
    os: [linux]

  '@rolldown/binding-linux-x64-musl@1.0.0-beta.45':
    resolution: {integrity: sha512-Hi73aYY0cBkr1/SvNQqH8Cd+rSV6S9RB5izCv0ySBcRnd/Wfn5plguUoGYwBnhHgFbh6cPw9m2dUVBR6BG1gxA==}
    engines: {node: ^20.19.0 || >=22.12.0}
    cpu: [x64]
    os: [linux]

  '@rolldown/binding-openharmony-arm64@1.0.0-beta.45':
    resolution: {integrity: sha512-fljEqbO7RHHogNDxYtTzr+GNjlfOx21RUyGmF+NrkebZ8emYYiIqzPxsaMZuRx0rgZmVmliOzEp86/CQFDKhJQ==}
    engines: {node: ^20.19.0 || >=22.12.0}
    cpu: [arm64]
    os: [openharmony]

  '@rolldown/binding-wasm32-wasi@1.0.0-beta.45':
    resolution: {integrity: sha512-ZJDB7lkuZE9XUnWQSYrBObZxczut+8FZ5pdanm8nNS1DAo8zsrPuvGwn+U3fwU98WaiFsNrA4XHngesCGr8tEQ==}
    engines: {node: '>=14.0.0'}
    cpu: [wasm32]

  '@rolldown/binding-win32-arm64-msvc@1.0.0-beta.45':
    resolution: {integrity: sha512-zyzAjItHPUmxg6Z8SyRhLdXlJn3/D9KL5b9mObUrBHhWS/GwRH4665xCiFqeuktAhhWutqfc+rOV2LjK4VYQGQ==}
    engines: {node: ^20.19.0 || >=22.12.0}
    cpu: [arm64]
    os: [win32]

  '@rolldown/binding-win32-ia32-msvc@1.0.0-beta.45':
    resolution: {integrity: sha512-wODcGzlfxqS6D7BR0srkJk3drPwXYLu7jPHN27ce2c4PUnVVmJnp9mJzUQGT4LpmHmmVdMZ+P6hKvyTGBzc1CA==}
    engines: {node: ^20.19.0 || >=22.12.0}
    cpu: [ia32]
    os: [win32]

  '@rolldown/binding-win32-x64-msvc@1.0.0-beta.45':
    resolution: {integrity: sha512-wiU40G1nQo9rtfvF9jLbl79lUgjfaD/LTyUEw2Wg/gdF5OhjzpKMVugZQngO+RNdwYaNj+Fs+kWBWfp4VXPMHA==}
    engines: {node: ^20.19.0 || >=22.12.0}
    cpu: [x64]
    os: [win32]

  '@rolldown/pluginutils@1.0.0-beta.45':
    resolution: {integrity: sha512-Le9ulGCrD8ggInzWw/k2J8QcbPz7eGIOWqfJ2L+1R0Opm7n6J37s2hiDWlh6LJN0Lk9L5sUzMvRHKW7UxBZsQA==}

  '@tybys/wasm-util@0.10.1':
    resolution: {integrity: sha512-9tTaPJLSiejZKx+Bmog4uSubteqTvFrVrURwkmHixBo0G4seD0zUxp98E1DzUBJxLQ3NPwXrGKDiVjwx/DpPsg==}

  '@types/node@24.9.2':
    resolution: {integrity: sha512-uWN8YqxXxqFMX2RqGOrumsKeti4LlmIMIyV0lgut4jx7KQBcBiW6vkDtIBvHnHIquwNfJhk8v2OtmO8zXWHfPA==}

  '@typescript/native-preview-darwin-arm64@7.0.0-dev.20251031.1':
    resolution: {integrity: sha512-MtH30d/l+mf1lbvOIjm6OmSddC43L/eGo71+JoMRxAgEJK8suPauk5aw7P14vaqtQHtkykobefWF9xeuos/HLQ==}
    cpu: [arm64]
    os: [darwin]

  '@typescript/native-preview-darwin-x64@7.0.0-dev.20251031.1':
    resolution: {integrity: sha512-YhV52UHpDKfXIWT+fL2OpLCcz0lZNXzqdvsChVxRxJ7AdFYogYgklafpTzq3yv2dGx5gZYDm0McfaTGSpP4V3Q==}
    cpu: [x64]
    os: [darwin]

  '@typescript/native-preview-linux-arm64@7.0.0-dev.20251031.1':
    resolution: {integrity: sha512-+ldy1PpQ+ptr/tn6Pp9DGsoxMNHi0zs3aBjiXszeAhK47b0mbLVyXfwlssJU3R88Pjbq7sSlKeZl7DgugCrRlg==}
    cpu: [arm64]
    os: [linux]

  '@typescript/native-preview-linux-arm@7.0.0-dev.20251031.1':
    resolution: {integrity: sha512-leCHB/SwEbf1UPsBLD2sJcAxXpYdgTh8UO566qEiWF64nTbNwouq3+tCeOMgAzFsS6HoRtIdUrLYmlnthQLUkA==}
    cpu: [arm]
    os: [linux]

  '@typescript/native-preview-linux-x64@7.0.0-dev.20251031.1':
    resolution: {integrity: sha512-a8rPIQPJEL3XVva11QBMghtCMLhGLLpbOgQgF+Sybjbc3UkMEyRtmlLhu8qFTNT2/96Psb6REvho4Na98dKP0g==}
    cpu: [x64]
    os: [linux]

  '@typescript/native-preview-win32-arm64@7.0.0-dev.20251031.1':
    resolution: {integrity: sha512-1nxWP6zlVlsapFfSi6Dg8qsMNuYliWPxj0oc+iaILm5+Lx4vdfcaLBu28tF3vbF366XIEyKAMCwDTj1UF9rklw==}
    cpu: [arm64]
    os: [win32]

  '@typescript/native-preview-win32-x64@7.0.0-dev.20251031.1':
    resolution: {integrity: sha512-wy56Wk7XB7sS9o+JYnummfT+US1DiOufrVLdzCM91gwDGbIwScfOkpWyK3hM/rwMIaClp5PAqrlG1+kxL34RPA==}
    cpu: [x64]
    os: [win32]

  '@typescript/native-preview@7.0.0-dev.20251031.1':
    resolution: {integrity: sha512-EUzSWMrK4rFvF2h4X7bqYcm+LzxuKRh8aN0/g3PlRVjKbJzn3ntoDAO5rAXrrAIkDvkIGH5GPZZnx4hnn3GcSg==}
    hasBin: true

  ast-kit@2.1.3:
    resolution: {integrity: sha512-TH+b3Lv6pUjy/Nu0m6A2JULtdzLpmqF9x1Dhj00ZoEiML8qvVA9j1flkzTKNYgdEhWrjDwtWNpyyCUbfQe514g==}
    engines: {node: '>=20.19.0'}

  birpc@2.6.1:
    resolution: {integrity: sha512-LPnFhlDpdSH6FJhJyn4M0kFO7vtQ5iPw24FnG0y21q09xC7e8+1LeR31S1MAIrDAHp4m7aas4bEkTDTvMAtebQ==}

  debug@4.4.3:
    resolution: {integrity: sha512-RGwwWnwQvkVfavKVt22FGLw+xYSdzARwm0ru6DhTVA3umU5hZc28V3kO4stgYryrTlLpuvgI9GiijltAjNbcqA==}
    engines: {node: '>=6.0'}
    peerDependencies:
      supports-color: '*'
    peerDependenciesMeta:
      supports-color:
        optional: true

  dts-resolver@2.1.2:
    resolution: {integrity: sha512-xeXHBQkn2ISSXxbJWD828PFjtyg+/UrMDo7W4Ffcs7+YWCquxU8YjV1KoxuiL+eJ5pg3ll+bC6flVv61L3LKZg==}
    engines: {node: '>=20.18.0'}
    peerDependencies:
      oxc-resolver: '>=11.0.0'
    peerDependenciesMeta:
      oxc-resolver:
        optional: true

  get-tsconfig@4.13.0:
    resolution: {integrity: sha512-1VKTZJCwBrvbd+Wn3AOgQP/2Av+TfTCOlE4AcRJE72W1ksZXbAx8PPBR9RzgTeSPzlPMHrbANMH3LbltH73wxQ==}

  jsesc@3.1.0:
    resolution: {integrity: sha512-/sM3dO2FOzXjKQhJuo0Q173wf2KOo8t4I8vHy6lF9poUp7bKT0/NHE8fPX23PwfhnykfqnC2xRxOnVw5XuGIaA==}
    engines: {node: '>=6'}
    hasBin: true

  magic-string@0.30.21:
    resolution: {integrity: sha512-vd2F4YUyEXKGcLHoq+TEyCjxueSeHnFxyyjNp80yg0XV4vUhnDer/lvvlqM/arB5bXQN5K2/3oinyCRyx8T2CQ==}

  ms@2.1.3:
    resolution: {integrity: sha512-6FlzubTLZG3J2a/NVCAleEhjzq5oxgHyaCU9yYXvcLsvoVaHJq/s5xXI6/XXP6tz7R9xAOtHnSO/tXtF3WRTlA==}

  pathe@2.0.3:
    resolution: {integrity: sha512-WUjGcAqP1gQacoQe+OBJsFA7Ld4DyXuUIjZ5cc75cLHvJ7dtNsTugphxIADwspS+AraAUePCKrSVtPLFj/F88w==}

  resolve-pkg-maps@1.0.0:
    resolution: {integrity: sha512-seS2Tj26TBVOC2NIc2rOe2y2ZO7efxITtLZcGSOnHHNOQ7CkiUBfw0Iw2ck6xkIhPwLhKNLS8BO+hEpngQlqzw==}

  rolldown-plugin-dts@0.17.3:
    resolution: {integrity: sha512-8mGnNUVNrqEdTnrlcaDxs4sAZg0No6njO+FuhQd4L56nUbJO1tHxOoKDH3mmMJg7f/BhEj/1KjU5W9kZ9zM/kQ==}
    engines: {node: '>=20.18.0'}
    peerDependencies:
      '@ts-macro/tsc': ^0.3.6
      '@typescript/native-preview': '>=7.0.0-dev.20250601.1'
      rolldown: ^1.0.0-beta.44
      typescript: ^5.0.0
      vue-tsc: ~3.1.0
    peerDependenciesMeta:
      '@ts-macro/tsc':
        optional: true
      '@typescript/native-preview':
        optional: true
      typescript:
        optional: true
      vue-tsc:
        optional: true

  rolldown@1.0.0-beta.45:
    resolution: {integrity: sha512-iMmuD72XXLf26Tqrv1cryNYLX6NNPLhZ3AmNkSf8+xda0H+yijjGJ+wVT9UdBUHOpKzq9RjKtQKRCWoEKQQBZQ==}
    engines: {node: ^20.19.0 || >=22.12.0}
    hasBin: true

  tslib@2.8.1:
    resolution: {integrity: sha512-oJFu94HQb+KVduSUQL7wnpmqnfmLsOA/nAh6b6EH0wCEoK0/mPeXU6c3wKDV83MkOuHPRHtSXKKU99IBazS/2w==}

  typescript@5.9.3:
    resolution: {integrity: sha512-jl1vZzPDinLr9eUt3J/t7V6FgNEw9QjvBPdysz9KfQDD41fQrC2Y4vKQdiaUpFT4bXlb1RHhLpp8wtm6M5TgSw==}
    engines: {node: '>=14.17'}
    hasBin: true

  undici-types@7.16.0:
    resolution: {integrity: sha512-Zz+aZWSj8LE6zoxD+xrjh4VfkIG8Ya6LvYkZqtUQGJPZjYl53ypCaUwWqo7eI0x66KBGeRo+mlBEkMSeSZ38Nw==}

snapshots:

  '@babel/generator@7.28.5':
    dependencies:
      '@babel/parser': 7.28.5
      '@babel/types': 7.28.5
      '@jridgewell/gen-mapping': 0.3.13
      '@jridgewell/trace-mapping': 0.3.31
      jsesc: 3.1.0

  '@babel/helper-string-parser@7.27.1': {}

  '@babel/helper-validator-identifier@7.28.5': {}

  '@babel/parser@7.28.5':
    dependencies:
      '@babel/types': 7.28.5

  '@babel/types@7.28.5':
    dependencies:
      '@babel/helper-string-parser': 7.27.1
      '@babel/helper-validator-identifier': 7.28.5

  '@emnapi/core@1.6.0':
    dependencies:
      '@emnapi/wasi-threads': 1.1.0
      tslib: 2.8.1
    optional: true

  '@emnapi/runtime@1.6.0':
    dependencies:
      tslib: 2.8.1
    optional: true

  '@emnapi/wasi-threads@1.1.0':
    dependencies:
      tslib: 2.8.1
    optional: true

  '@jridgewell/gen-mapping@0.3.13':
    dependencies:
      '@jridgewell/sourcemap-codec': 1.5.5
      '@jridgewell/trace-mapping': 0.3.31

  '@jridgewell/resolve-uri@3.1.2': {}

  '@jridgewell/sourcemap-codec@1.5.5': {}

  '@jridgewell/trace-mapping@0.3.31':
    dependencies:
      '@jridgewell/resolve-uri': 3.1.2
      '@jridgewell/sourcemap-codec': 1.5.5

  '@napi-rs/wasm-runtime@1.0.7':
    dependencies:
      '@emnapi/core': 1.6.0
      '@emnapi/runtime': 1.6.0
      '@tybys/wasm-util': 0.10.1
    optional: true

  '@oxc-project/types@0.95.0': {}

  '@rolldown/binding-android-arm64@1.0.0-beta.45':
    optional: true

  '@rolldown/binding-darwin-arm64@1.0.0-beta.45':
    optional: true

  '@rolldown/binding-darwin-x64@1.0.0-beta.45':
    optional: true

  '@rolldown/binding-freebsd-x64@1.0.0-beta.45':
    optional: true

  '@rolldown/binding-linux-arm-gnueabihf@1.0.0-beta.45':
    optional: true

  '@rolldown/binding-linux-arm64-gnu@1.0.0-beta.45':
    optional: true

  '@rolldown/binding-linux-arm64-musl@1.0.0-beta.45':
    optional: true

  '@rolldown/binding-linux-x64-gnu@1.0.0-beta.45':
    optional: true

  '@rolldown/binding-linux-x64-musl@1.0.0-beta.45':
    optional: true

  '@rolldown/binding-openharmony-arm64@1.0.0-beta.45':
    optional: true

  '@rolldown/binding-wasm32-wasi@1.0.0-beta.45':
    dependencies:
      '@napi-rs/wasm-runtime': 1.0.7
    optional: true

  '@rolldown/binding-win32-arm64-msvc@1.0.0-beta.45':
    optional: true

  '@rolldown/binding-win32-ia32-msvc@1.0.0-beta.45':
    optional: true

  '@rolldown/binding-win32-x64-msvc@1.0.0-beta.45':
    optional: true

  '@rolldown/pluginutils@1.0.0-beta.45': {}

  '@tybys/wasm-util@0.10.1':
    dependencies:
      tslib: 2.8.1
    optional: true

  '@types/node@24.9.2':
    dependencies:
      undici-types: 7.16.0

  '@typescript/native-preview-darwin-arm64@7.0.0-dev.20251031.1':
    optional: true

  '@typescript/native-preview-darwin-x64@7.0.0-dev.20251031.1':
    optional: true

  '@typescript/native-preview-linux-arm64@7.0.0-dev.20251031.1':
    optional: true

  '@typescript/native-preview-linux-arm@7.0.0-dev.20251031.1':
    optional: true

  '@typescript/native-preview-linux-x64@7.0.0-dev.20251031.1':
    optional: true

  '@typescript/native-preview-win32-arm64@7.0.0-dev.20251031.1':
    optional: true

  '@typescript/native-preview-win32-x64@7.0.0-dev.20251031.1':
    optional: true

  '@typescript/native-preview@7.0.0-dev.20251031.1':
    optionalDependencies:
      '@typescript/native-preview-darwin-arm64': 7.0.0-dev.20251031.1
      '@typescript/native-preview-darwin-x64': 7.0.0-dev.20251031.1
      '@typescript/native-preview-linux-arm': 7.0.0-dev.20251031.1
      '@typescript/native-preview-linux-arm64': 7.0.0-dev.20251031.1
      '@typescript/native-preview-linux-x64': 7.0.0-dev.20251031.1
      '@typescript/native-preview-win32-arm64': 7.0.0-dev.20251031.1
      '@typescript/native-preview-win32-x64': 7.0.0-dev.20251031.1

  ast-kit@2.1.3:
    dependencies:
      '@babel/parser': 7.28.5
      pathe: 2.0.3

  birpc@2.6.1: {}

  debug@4.4.3:
    dependencies:
      ms: 2.1.3

  dts-resolver@2.1.2: {}

  get-tsconfig@4.13.0:
    dependencies:
      resolve-pkg-maps: 1.0.0

  jsesc@3.1.0: {}

  magic-string@0.30.21:
    dependencies:
      '@jridgewell/sourcemap-codec': 1.5.5

  ms@2.1.3: {}

  pathe@2.0.3: {}

  resolve-pkg-maps@1.0.0: {}

  rolldown-plugin-dts@0.17.3(@typescript/native-preview@7.0.0-dev.20251031.1)(rolldown@1.0.0-beta.45)(typescript@5.9.3):
    dependencies:
      '@babel/generator': 7.28.5
      '@babel/parser': 7.28.5
      '@babel/types': 7.28.5
      ast-kit: 2.1.3
      birpc: 2.6.1
      debug: 4.4.3
      dts-resolver: 2.1.2
      get-tsconfig: 4.13.0
      magic-string: 0.30.21
      rolldown: 1.0.0-beta.45
    optionalDependencies:
      '@typescript/native-preview': 7.0.0-dev.20251031.1
      typescript: 5.9.3
    transitivePeerDependencies:
      - oxc-resolver
      - supports-color

  rolldown@1.0.0-beta.45:
    dependencies:
      '@oxc-project/types': 0.95.0
      '@rolldown/pluginutils': 1.0.0-beta.45
    optionalDependencies:
      '@rolldown/binding-android-arm64': 1.0.0-beta.45
      '@rolldown/binding-darwin-arm64': 1.0.0-beta.45
      '@rolldown/binding-darwin-x64': 1.0.0-beta.45
      '@rolldown/binding-freebsd-x64': 1.0.0-beta.45
      '@rolldown/binding-linux-arm-gnueabihf': 1.0.0-beta.45
      '@rolldown/binding-linux-arm64-gnu': 1.0.0-beta.45
      '@rolldown/binding-linux-arm64-musl': 1.0.0-beta.45
      '@rolldown/binding-linux-x64-gnu': 1.0.0-beta.45
      '@rolldown/binding-linux-x64-musl': 1.0.0-beta.45
      '@rolldown/binding-openharmony-arm64': 1.0.0-beta.45
      '@rolldown/binding-wasm32-wasi': 1.0.0-beta.45
      '@rolldown/binding-win32-arm64-msvc': 1.0.0-beta.45
      '@rolldown/binding-win32-ia32-msvc': 1.0.0-beta.45
      '@rolldown/binding-win32-x64-msvc': 1.0.0-beta.45

  tslib@2.8.1:
    optional: true

  typescript@5.9.3:
    optional: true

  undici-types@7.16.0: {}
